
Microsoft Visual Studio Solution File, Format Version 12.00
# Visual Studio Version 17
VisualStudioVersion = 17.5.33516.290
MinimumVisualStudioVersion = 10.0.40219.1
Project("{9A19103F-16F7-4668-BE54-9A1E7A4F7556}") = "Matsu.CoreSample.Web", "Matsu.CoreSample.Web\Matsu.CoreSample.Web.csproj", "{86B4A5B7-42F3-4F67-A722-0BC622A991ED}"
EndProject
Project("{9A19103F-16F7-4668-BE54-9A1E7A4F7556}") = "Matsu.CoreSample.Common", "Matsu.CoreSample.Common\Matsu.CoreSample.Common.csproj", "{3B24AD1B-BF93-4189-AAC6-EEAC8CE80E12}"
EndProject
Project("{FAE04EC0-301F-11D3-BF4B-00C04F79EFBC}") = "Matsu.CoreSamples.InMemoryInfrastructure", "Matsu.CoreSamples.InMemoryInfrastructure\Matsu.CoreSamples.InMemoryInfrastructure.csproj", "{648A5329-AC1C-470C-B02A-C44E334635FC}"
EndProject
Project("{FAE04EC0-301F-11D3-BF4B-00C04F79EFBC}") = "Matsu.CoreSamples.SqlDatabaseInfrastructure", "Matsu.CoreSamples.SqlDatabaseInfrastructure\Matsu.CoreSamples.SqlDatabaseInfrastructure.csproj", "{ACFBE400-4BC7-4954-8454-259A89D548A9}"
EndProject
Global
	GlobalSection(SolutionConfigurationPlatforms) = preSolution
		Debug|Any CPU = Debug|Any CPU
		Release|Any CPU = Release|Any CPU
	EndGlobalSection
	GlobalSection(ProjectConfigurationPlatforms) = postSolution
		{86B4A5B7-42F3-4F67-A722-0BC622A991ED}.Debug|Any CPU.ActiveCfg = Debug|Any CPU
		{86B4A5B7-42F3-4F67-A722-0BC622A991ED}.Debug|Any CPU.Build.0 = Debug|Any CPU
		{86B4A5B7-42F3-4F67-A722-0BC622A991ED}.Release|Any CPU.ActiveCfg = Release|Any CPU
		{86B4A5B7-42F3-4F67-A722-0BC622A991ED}.Release|Any CPU.Build.0 = Release|Any CPU
		{3B24AD1B-BF93-4189-AAC6-EEAC8CE80E12}.Debug|Any CPU.ActiveCfg = Debug|Any CPU
		{3B24AD1B-BF93-4189-AAC6-EEAC8CE80E12}.Debug|Any CPU.Build.0 = Debug|Any CPU
		{3B24AD1B-BF93-4189-AAC6-EEAC8CE80E12}.Release|Any CPU.ActiveCfg = Release|Any CPU
		{3B24AD1B-BF93-4189-AAC6-EEAC8CE80E12}.Release|Any CPU.Build.0 = Release|Any CPU
		{648A5329-AC1C-470C-B02A-C44E334635FC}.Debug|Any CPU.ActiveCfg = Debug|Any CPU
		{648A5329-AC1C-470C-B02A-C44E334635FC}.Debug|Any CPU.Build.0 = Debug|Any CPU
		{648A5329-AC1C-470C-B02A-C44E334635FC}.Release|Any CPU.ActiveCfg = Release|Any CPU
		{648A5329-AC1C-470C-B02A-C44E334635FC}.Release|Any CPU.Build.0 = Release|Any CPU
		{ACFBE400-4BC7-4954-8454-259A89D548A9}.Debug|Any CPU.ActiveCfg = Debug|Any CPU
		{ACFBE400-4BC7-4954-8454-259A89D548A9}.Debug|Any CPU.Build.0 = Debug|Any CPU
		{ACFBE400-4BC7-4954-8454-259A89D548A9}.Release|Any CPU.ActiveCfg = Release|Any CPU
		{ACFBE400-4BC7-4954-8454-259A89D548A9}.Release|Any CPU.Build.0 = Release|Any CPU
	EndGlobalSection
	GlobalSection(SolutionProperties) = preSolution
		HideSolutionNode = FALSE
	EndGlobalSection
	GlobalSection(ExtensibilityGlobals) = postSolution
		SolutionGuid = {50F2B42D-B5CD-4ACD-94ED-5D029345A354}
	EndGlobalSection
EndGlobal
