
Microsoft Visual Studio Solution File, Format Version 12.00
# Visual Studio Version 17
VisualStudioVersion = 17.5.33516.290
MinimumVisualStudioVersion = 10.0.40219.1
Project("{9A19103F-16F7-4668-BE54-9A1E7A4F7556}") = "Matsu.CoreSample.Web", "..\Matsu.CoreSample.Web\Matsu.CoreSample.Web.csproj", "{5AC8929D-2CA0-4EC7-81F4-33BBE05D922A}"
EndProject
Project("{9A19103F-16F7-4668-BE54-9A1E7A4F7556}") = "Matsu.CoreSample.Common", "..\Matsu.CoreSample.Common\Matsu.CoreSample.Common.csproj", "{BBADEC2D-C87F-4DAB-9ACF-49EA210BA368}"
EndProject
Global
	GlobalSection(SolutionConfigurationPlatforms) = preSolution
		Debug|Any CPU = Debug|Any CPU
		Release|Any CPU = Release|Any CPU
	EndGlobalSection
	GlobalSection(ProjectConfigurationPlatforms) = postSolution
		{5AC8929D-2CA0-4EC7-81F4-33BBE05D922A}.Debug|Any CPU.ActiveCfg = Debug|Any CPU
		{5AC8929D-2CA0-4EC7-81F4-33BBE05D922A}.Debug|Any CPU.Build.0 = Debug|Any CPU
		{5AC8929D-2CA0-4EC7-81F4-33BBE05D922A}.Release|Any CPU.ActiveCfg = Release|Any CPU
		{5AC8929D-2CA0-4EC7-81F4-33BBE05D922A}.Release|Any CPU.Build.0 = Release|Any CPU
		{BBADEC2D-C87F-4DAB-9ACF-49EA210BA368}.Debug|Any CPU.ActiveCfg = Debug|Any CPU
		{BBADEC2D-C87F-4DAB-9ACF-49EA210BA368}.Debug|Any CPU.Build.0 = Debug|Any CPU
		{BBADEC2D-C87F-4DAB-9ACF-49EA210BA368}.Release|Any CPU.ActiveCfg = Release|Any CPU
		{BBADEC2D-C87F-4DAB-9ACF-49EA210BA368}.Release|Any CPU.Build.0 = Release|Any CPU
	EndGlobalSection
	GlobalSection(SolutionProperties) = preSolution
		HideSolutionNode = FALSE
	EndGlobalSection
	GlobalSection(ExtensibilityGlobals) = postSolution
		SolutionGuid = {50F2B42D-B5CD-4ACD-94ED-5D029345A354}
	EndGlobalSection
EndGlobal
